{
  "name": "es6",
  "version": "1.0.0",
  "lockfileVersion": 1,
  "requires": true,
  "dependencies": {
    "esm": {
      "version": "3.2.1",
      "resolved": "https://registry.npmjs.org/esm/-/esm-3.2.1.tgz",
      "integrity": "sha512-+gxDed1gELD6mCn0P4TRPpknVJe7JvLtg3lJ9sRlLSpfw6J47QMGa5pi+10DN20VQ5z6OtbxjFoD9Z6PM+zb6Q=="
    }
  }
}
